
Microsoft Visual Studio Solution File, Format Version 12.00
Project("{FAE04EC0-301F-11D3-BF4B-00C04F79EFBC}") = "EZStore", "EZStore\EZStore.csproj", "{B9942622-DE0E-437B-8F8E-A46F1B659F56}"
EndProject
Global
	GlobalSection(SolutionConfigurationPlatforms) = preSolution
		Debug|Any CPU = Debug|Any CPU
		Release|Any CPU = Release|Any CPU
	EndGlobalSection
	GlobalSection(ProjectConfigurationPlatforms) = postSolution
		{B9942622-DE0E-437B-8F8E-A46F1B659F56}.Debug|Any CPU.ActiveCfg = Debug|Any CPU
		{B9942622-DE0E-437B-8F8E-A46F1B659F56}.Debug|Any CPU.Build.0 = Debug|Any CPU
		{B9942622-DE0E-437B-8F8E-A46F1B659F56}.Release|Any CPU.ActiveCfg = Release|Any CPU
		{B9942622-DE0E-437B-8F8E-A46F1B659F56}.Release|Any CPU.Build.0 = Release|Any CPU
	EndGlobalSection
EndGlobal
